<Solution>
  <Folder Name="/doc/" />
  <Folder Name="/src/" />
  <Folder Name="/src/BuildingBlocks/">
    <Project Path="src/BuildingBlocks/BuildingBlocks.Messaging/BuildingBlocks.Messaging.csproj" Id="e916af38-85e9-479d-b847-5a59baf47467" />
    <Project Path="src/BuildingBlocks/BuildingBlocks/BuildingBlocks.csproj" Id="b5ac1e8e-1988-45e0-8b36-977761164b2f" />
  </Folder>
  <Folder Name="/src/Services/" />
  <Folder Name="/src/Services/Payments/">
    <Project Path="src/Services/Payments/Payments.API/Payments.API.csproj" Id="92083475-5eff-4f53-891d-70d73fa76d5d" />
    <Project Path="src/Services/Payments/Payments.Application/Payments.Application.csproj" Id="97995f36-0fb9-4c39-a6dc-acdeba60f236" />
    <Project Path="src/Services/Payments/Payments.Domain/Payments.Domain.csproj" Id="60d3c793-b1d1-424b-822d-14708343dc79" />
    <Project Path="src/Services/Payments/Payments.Infrastructure/Payments.Infrastructure.csproj" Id="3fd5a32a-4475-45ef-a6db-631a9d754972" />
  </Folder>
  <Folder Name="/src/Services/Transactions/">
    <Project Path="src/Services/Transactions/Transaction.Domain/Transaction.Domain.csproj" />
    <Project Path="src/Services/Transactions/Transactions.API/Transactions.API.csproj" Id="300273c9-d7b1-417c-8eb6-9ea734d07f03" />
    <Project Path="src/Services/Transactions/Transactions.Application/Transactions.Application.csproj" Id="3685467c-9858-42c9-bd6b-713d1523d300" />
    <Project Path="src/Services/Transactions/Transactions.Infrastructure/Transactions.Infrastructure.csproj" Id="ca4d11a1-6b95-4f66-88fd-1c46de0cab5c" />
  </Folder>
  <Folder Name="/test/" />
  <Folder Name="/test/Services/" />
  <Folder Name="/test/Services/Transactions/">
    <Project Path="test/Services/Transactions/Transactions.ApplicationUnitTests/Transactions.ApplicationUnitTests.csproj" Id="cdada73e-eb8f-42d3-9171-09ab8c87b506" />
    <Project Path="test/Services/Transactions/Transactions.ArchitectureTests/Transactions.ArchitectureTests.csproj" Id="c45d17ec-e904-42af-9c2d-e0a1471d0675" />
    <Project Path="test/Services/Transactions/Transactions.Domain.UnitTests/Transactions.Domain.UnitTests.csproj" Id="388f151d-789e-4a1b-8484-467c40db4b1e" />
    <Project Path="test/Services/Transactions/Transactions.IntegrationTests/Transactions.IntegrationTests.csproj" Id="4dccb1dc-9838-4d7c-9c6c-8ca69a33c6d6" />
  </Folder>
  <Project Path="docker-compose.dcproj">
    <Build />
  </Project>
</Solution>
